{
  "name": "ecotravel",
  "version": "1.0.0",
  "lockfileVersion": 1,
  "requires": true,
  "dependencies": {
    "leaflet": {
      "version": "1.7.1",
      "resolved": "https://registry.npmjs.org/leaflet/-/leaflet-1.7.1.tgz",
      "integrity": "sha512-/xwPEBidtg69Q3HlqPdU3DnrXQOvQU/CCHA1tcDQVzOwm91YMYaILjNp7L4Eaw5Z4sOYdbBz6koWyibppd8Zqw==",
      "optional": true
    },
    "leaflet-geosearch": {
      "version": "3.2.2",
      "resolved": "https://registry.npmjs.org/leaflet-geosearch/-/leaflet-geosearch-3.2.2.tgz",
      "integrity": "sha512-pRyu2E0x4TJTK4R0IjegkfEXUvGS2Ns1dxqKCd/aZgzKK4fIxub1KLh/TQEpZXsKCVaP/+DSC3N+9b+f2GBbVw==",
      "requires": {
        "leaflet": "^1.6.0"
      }
    }
  }
}
